
Microsoft Visual Studio Solution File, Format Version 12.00
# Visual Studio Version 17
VisualStudioVersion = 17.14.36414.22 d17.14
MinimumVisualStudioVersion = 10.0.40219.1
Project("{2150E333-8FDC-42A3-9474-1A3956D46DE8}") = "Task0", "Task0", "{02EA681E-C7D8-13C7-8484-4AC65E1B71E8}"
EndProject
Project("{FAE04EC0-301F-11D3-BF4B-00C04F79EFBC}") = "Tyuiu.KochetovAP.Sprint1.Task0.V23", "Tyuiu.KochetovAP.Sprint1.Task0.V23\Tyuiu.KochetovAP.Sprint1.Task0.V23.csproj", "{F0C5A0EE-D19C-44C6-8FA4-0B63FC7BCD31}"
EndProject
Project("{FAE04EC0-301F-11D3-BF4B-00C04F79EFBC}") = "Tyuiu.KochetovAP.Sprint1.Task0.V23.Lib", "Tyuiu.KochetovAP.Sprint1.Task0.V23.Lib\Tyuiu.KochetovAP.Sprint1.Task0.V23.Lib.csproj", "{DCE66846-414D-407A-AC16-1BD611625888}"
EndProject
Project("{FAE04EC0-301F-11D3-BF4B-00C04F79EFBC}") = "Tyuiu.KochetovAP.Sprint1.Task0.V23.Test", "Tyuiu.KochetovAP.Sprint1.Task0.V23.Test\Tyuiu.KochetovAP.Sprint1.Task0.V23.Test.csproj", "{E89C8A63-D58B-442F-8329-5A00FB720A85}"
EndProject
Project("{2150E333-8FDC-42A3-9474-1A3956D46DE8}") = "Task1", "Task1", "{B2BA417B-73FE-45BF-A06F-A41EA4A02B17}"
EndProject
Project("{FAE04EC0-301F-11D3-BF4B-00C04F79EFBC}") = "Tyuiu.KochetovAP.Sprint1.Task1.V11", "Tyuiu.KochetovAP.Sprint1.Task1.V11\Tyuiu.KochetovAP.Sprint1.Task1.V11.csproj", "{72E36B7A-8D10-4F7C-AFA3-9232BEFBC049}"
EndProject
Project("{FAE04EC0-301F-11D3-BF4B-00C04F79EFBC}") = "Tyuiu.KochetovAP.Sprint1.Task1.V11.Lib", "Tyuiu.KochetovAP.Sprint1.Task1.V11.Lib\Tyuiu.KochetovAP.Sprint1.Task1.V11.Lib.csproj", "{CBD5BF8F-FF46-40F7-95B0-DFBBED160758}"
EndProject
Project("{FAE04EC0-301F-11D3-BF4B-00C04F79EFBC}") = "Tyuiu.KochetovAP.Sprint1.Task1.V11.Test", "Tyuiu.KochetovAP.Sprint1.Task1.V11.Test\Tyuiu.KochetovAP.Sprint1.Task1.V11.Test.csproj", "{F8EE6A3E-74DF-4011-91FE-C32FADBF1407}"
EndProject
Project("{2150E333-8FDC-42A3-9474-1A3956D46DE8}") = "Task2", "Task2", "{BF48E698-8B05-4867-BE72-526844E8F926}"
EndProject
Project("{FAE04EC0-301F-11D3-BF4B-00C04F79EFBC}") = "Tyuiu.KochetovAP.Sprint1.Task2.V8", "Tyuiu.KochetovAP.Sprint1.Task2.V8\Tyuiu.KochetovAP.Sprint1.Task2.V8.csproj", "{7C369F48-84D3-4F37-9CD8-FCE78BB833C5}"
EndProject
Project("{FAE04EC0-301F-11D3-BF4B-00C04F79EFBC}") = "Tyuiu.KochetovAP.Sprint1.Task2.V8.Lib", "Tyuiu.KochetovAP.Sprint1.Task2.V8.Lib\Tyuiu.KochetovAP.Sprint1.Task2.V8.Lib.csproj", "{B5138007-9720-4335-982C-F6D5F7F6E6B8}"
EndProject
Project("{FAE04EC0-301F-11D3-BF4B-00C04F79EFBC}") = "Tyuiu.KochetovAP.Sprint1.Task2.V8.Test", "Tyuiu.KochetovAP.Sprint1.Task2.V8.Test\Tyuiu.KochetovAP.Sprint1.Task2.V8.Test.csproj", "{F962B00F-CC3E-4A0B-A66C-891AE66E4954}"
EndProject
Project("{2150E333-8FDC-42A3-9474-1A3956D46DE8}") = "Task3", "Task3", "{3B799D14-D896-4B2C-BD33-9626E81A7D46}"
EndProject
Project("{FAE04EC0-301F-11D3-BF4B-00C04F79EFBC}") = "Tyuiu.KochetovAP.Sprint1.Task3.V11", "Tyuiu.KochetovAP.Sprint1.Task3.V11\Tyuiu.KochetovAP.Sprint1.Task3.V11.csproj", "{D83EDEDC-8DC3-4365-A82F-560DED0B7AED}"
EndProject
Project("{FAE04EC0-301F-11D3-BF4B-00C04F79EFBC}") = "Tyuiu.KochetovAP.Sprint1.Task3.V11.Lib", "Tyuiu.KochetovAP.Sprint1.Task2.V11.Lib\Tyuiu.KochetovAP.Sprint1.Task3.V11.Lib.csproj", "{0F49D98D-26F4-4572-9517-A5E445C3777D}"
EndProject
Project("{FAE04EC0-301F-11D3-BF4B-00C04F79EFBC}") = "Tyuiu.KochetovAP.Sprint1.Task3.V11.Test", "Tyuiu.KochetovAP.Sprint1.Task2.V11.Test\Tyuiu.KochetovAP.Sprint1.Task3.V11.Test.csproj", "{32EBF8B6-7DF5-4531-AFF4-0D2D138CFF71}"
EndProject
Global
	GlobalSection(SolutionConfigurationPlatforms) = preSolution
		Debug|Any CPU = Debug|Any CPU
		Release|Any CPU = Release|Any CPU
	EndGlobalSection
	GlobalSection(ProjectConfigurationPlatforms) = postSolution
		{F0C5A0EE-D19C-44C6-8FA4-0B63FC7BCD31}.Debug|Any CPU.ActiveCfg = Debug|Any CPU
		{F0C5A0EE-D19C-44C6-8FA4-0B63FC7BCD31}.Debug|Any CPU.Build.0 = Debug|Any CPU
		{F0C5A0EE-D19C-44C6-8FA4-0B63FC7BCD31}.Release|Any CPU.ActiveCfg = Release|Any CPU
		{F0C5A0EE-D19C-44C6-8FA4-0B63FC7BCD31}.Release|Any CPU.Build.0 = Release|Any CPU
		{DCE66846-414D-407A-AC16-1BD611625888}.Debug|Any CPU.ActiveCfg = Debug|Any CPU
		{DCE66846-414D-407A-AC16-1BD611625888}.Debug|Any CPU.Build.0 = Debug|Any CPU
		{DCE66846-414D-407A-AC16-1BD611625888}.Release|Any CPU.ActiveCfg = Release|Any CPU
		{DCE66846-414D-407A-AC16-1BD611625888}.Release|Any CPU.Build.0 = Release|Any CPU
		{E89C8A63-D58B-442F-8329-5A00FB720A85}.Debug|Any CPU.ActiveCfg = Debug|Any CPU
		{E89C8A63-D58B-442F-8329-5A00FB720A85}.Debug|Any CPU.Build.0 = Debug|Any CPU
		{E89C8A63-D58B-442F-8329-5A00FB720A85}.Release|Any CPU.ActiveCfg = Release|Any CPU
		{E89C8A63-D58B-442F-8329-5A00FB720A85}.Release|Any CPU.Build.0 = Release|Any CPU
		{72E36B7A-8D10-4F7C-AFA3-9232BEFBC049}.Debug|Any CPU.ActiveCfg = Debug|Any CPU
		{72E36B7A-8D10-4F7C-AFA3-9232BEFBC049}.Debug|Any CPU.Build.0 = Debug|Any CPU
		{72E36B7A-8D10-4F7C-AFA3-9232BEFBC049}.Release|Any CPU.ActiveCfg = Release|Any CPU
		{72E36B7A-8D10-4F7C-AFA3-9232BEFBC049}.Release|Any CPU.Build.0 = Release|Any CPU
		{CBD5BF8F-FF46-40F7-95B0-DFBBED160758}.Debug|Any CPU.ActiveCfg = Debug|Any CPU
		{CBD5BF8F-FF46-40F7-95B0-DFBBED160758}.Debug|Any CPU.Build.0 = Debug|Any CPU
		{CBD5BF8F-FF46-40F7-95B0-DFBBED160758}.Release|Any CPU.ActiveCfg = Release|Any CPU
		{CBD5BF8F-FF46-40F7-95B0-DFBBED160758}.Release|Any CPU.Build.0 = Release|Any CPU
		{F8EE6A3E-74DF-4011-91FE-C32FADBF1407}.Debug|Any CPU.ActiveCfg = Debug|Any CPU
		{F8EE6A3E-74DF-4011-91FE-C32FADBF1407}.Debug|Any CPU.Build.0 = Debug|Any CPU
		{F8EE6A3E-74DF-4011-91FE-C32FADBF1407}.Release|Any CPU.ActiveCfg = Release|Any CPU
		{F8EE6A3E-74DF-4011-91FE-C32FADBF1407}.Release|Any CPU.Build.0 = Release|Any CPU
		{7C369F48-84D3-4F37-9CD8-FCE78BB833C5}.Debug|Any CPU.ActiveCfg = Debug|Any CPU
		{7C369F48-84D3-4F37-9CD8-FCE78BB833C5}.Debug|Any CPU.Build.0 = Debug|Any CPU
		{7C369F48-84D3-4F37-9CD8-FCE78BB833C5}.Release|Any CPU.ActiveCfg = Release|Any CPU
		{7C369F48-84D3-4F37-9CD8-FCE78BB833C5}.Release|Any CPU.Build.0 = Release|Any CPU
		{B5138007-9720-4335-982C-F6D5F7F6E6B8}.Debug|Any CPU.ActiveCfg = Debug|Any CPU
		{B5138007-9720-4335-982C-F6D5F7F6E6B8}.Debug|Any CPU.Build.0 = Debug|Any CPU
		{B5138007-9720-4335-982C-F6D5F7F6E6B8}.Release|Any CPU.ActiveCfg = Release|Any CPU
		{B5138007-9720-4335-982C-F6D5F7F6E6B8}.Release|Any CPU.Build.0 = Release|Any CPU
		{F962B00F-CC3E-4A0B-A66C-891AE66E4954}.Debug|Any CPU.ActiveCfg = Debug|Any CPU
		{F962B00F-CC3E-4A0B-A66C-891AE66E4954}.Debug|Any CPU.Build.0 = Debug|Any CPU
		{F962B00F-CC3E-4A0B-A66C-891AE66E4954}.Release|Any CPU.ActiveCfg = Release|Any CPU
		{F962B00F-CC3E-4A0B-A66C-891AE66E4954}.Release|Any CPU.Build.0 = Release|Any CPU
		{D83EDEDC-8DC3-4365-A82F-560DED0B7AED}.Debug|Any CPU.ActiveCfg = Debug|Any CPU
		{D83EDEDC-8DC3-4365-A82F-560DED0B7AED}.Debug|Any CPU.Build.0 = Debug|Any CPU
		{D83EDEDC-8DC3-4365-A82F-560DED0B7AED}.Release|Any CPU.ActiveCfg = Release|Any CPU
		{D83EDEDC-8DC3-4365-A82F-560DED0B7AED}.Release|Any CPU.Build.0 = Release|Any CPU
		{0F49D98D-26F4-4572-9517-A5E445C3777D}.Debug|Any CPU.ActiveCfg = Debug|Any CPU
		{0F49D98D-26F4-4572-9517-A5E445C3777D}.Debug|Any CPU.Build.0 = Debug|Any CPU
		{0F49D98D-26F4-4572-9517-A5E445C3777D}.Release|Any CPU.ActiveCfg = Release|Any CPU
		{0F49D98D-26F4-4572-9517-A5E445C3777D}.Release|Any CPU.Build.0 = Release|Any CPU
		{32EBF8B6-7DF5-4531-AFF4-0D2D138CFF71}.Debug|Any CPU.ActiveCfg = Debug|Any CPU
		{32EBF8B6-7DF5-4531-AFF4-0D2D138CFF71}.Debug|Any CPU.Build.0 = Debug|Any CPU
		{32EBF8B6-7DF5-4531-AFF4-0D2D138CFF71}.Release|Any CPU.ActiveCfg = Release|Any CPU
		{32EBF8B6-7DF5-4531-AFF4-0D2D138CFF71}.Release|Any CPU.Build.0 = Release|Any CPU
	EndGlobalSection
	GlobalSection(SolutionProperties) = preSolution
		HideSolutionNode = FALSE
	EndGlobalSection
	GlobalSection(NestedProjects) = preSolution
		{F0C5A0EE-D19C-44C6-8FA4-0B63FC7BCD31} = {02EA681E-C7D8-13C7-8484-4AC65E1B71E8}
		{DCE66846-414D-407A-AC16-1BD611625888} = {02EA681E-C7D8-13C7-8484-4AC65E1B71E8}
		{72E36B7A-8D10-4F7C-AFA3-9232BEFBC049} = {B2BA417B-73FE-45BF-A06F-A41EA4A02B17}
		{CBD5BF8F-FF46-40F7-95B0-DFBBED160758} = {B2BA417B-73FE-45BF-A06F-A41EA4A02B17}
		{F8EE6A3E-74DF-4011-91FE-C32FADBF1407} = {B2BA417B-73FE-45BF-A06F-A41EA4A02B17}
		{7C369F48-84D3-4F37-9CD8-FCE78BB833C5} = {BF48E698-8B05-4867-BE72-526844E8F926}
		{B5138007-9720-4335-982C-F6D5F7F6E6B8} = {BF48E698-8B05-4867-BE72-526844E8F926}
		{F962B00F-CC3E-4A0B-A66C-891AE66E4954} = {BF48E698-8B05-4867-BE72-526844E8F926}
		{D83EDEDC-8DC3-4365-A82F-560DED0B7AED} = {3B799D14-D896-4B2C-BD33-9626E81A7D46}
		{0F49D98D-26F4-4572-9517-A5E445C3777D} = {3B799D14-D896-4B2C-BD33-9626E81A7D46}
		{32EBF8B6-7DF5-4531-AFF4-0D2D138CFF71} = {3B799D14-D896-4B2C-BD33-9626E81A7D46}
	EndGlobalSection
	GlobalSection(ExtensibilityGlobals) = postSolution
		SolutionGuid = {B3DCE66C-506E-4A17-8933-7C9B6FAF971B}
	EndGlobalSection
EndGlobal
