
Microsoft Visual Studio Solution File, Format Version 12.00
# Visual Studio Version 17
VisualStudioVersion = 17.14.36518.9 d17.14
MinimumVisualStudioVersion = 10.0.40219.1
Project("{FAE04EC0-301F-11D3-BF4B-00C04F79EFBC}") = "Tyuiu.KochetovAP.Sprint1.Task0.V23", "Tyuiu.KochetovAP.Sprint1.Task0.V23\Tyuiu.KochetovAP.Sprint1.Task0.V23.csproj", "{E0EAC0F5-B7A6-4263-B782-1890591C5BE1}"
EndProject
Project("{FAE04EC0-301F-11D3-BF4B-00C04F79EFBC}") = "Tyuiu.KochetovAP.Sprint1.Task0.V23.Lib", "Tyuiu.KochetovAP.Sprint1.Task0.V23.Lib\Tyuiu.KochetovAP.Sprint1.Task0.V23.Lib.csproj", "{A0466352-5227-4F6C-9FCA-66277F7AB776}"
EndProject
Project("{FAE04EC0-301F-11D3-BF4B-00C04F79EFBC}") = "Tyuiu.KochetovAP.Sprint1.Task0.V23.Test", "Tyuiu.KochetovAP.Sprint1.Task0.V23.Test\Tyuiu.KochetovAP.Sprint1.Task0.V23.Test.csproj", "{11095158-946F-4480-AEAD-2C703D535437}"
EndProject
Project("{2150E333-8FDC-42A3-9474-1A3956D46DE8}") = "Task1", "Task1", "{02EA681E-C7D8-13C7-8484-4AC65E1B71E8}"
EndProject
Project("{FAE04EC0-301F-11D3-BF4B-00C04F79EFBC}") = "Tyuiu.KochetovAP.Sprint1.Task1.V11", "Tyuiu.KochetovAP.Sprint1.Task1.V11\Tyuiu.KochetovAP.Sprint1.Task1.V11.csproj", "{8DD32671-14EF-4DFB-A88E-78BA4474E5C0}"
EndProject
Project("{FAE04EC0-301F-11D3-BF4B-00C04F79EFBC}") = "Tyuiu.KochetovAP.Sprint1.Task1.V11.Lib", "Tyuiu.KochetovAP.Sprint1.Task1.V11.Lib\Tyuiu.KochetovAP.Sprint1.Task1.V11.Lib.csproj", "{952CA29A-0405-4300-A21D-DD2CF2500D8C}"
EndProject
Project("{FAE04EC0-301F-11D3-BF4B-00C04F79EFBC}") = "Tyuiu.KochetovAP.Sprint1.Task1.V11.Test", "Tyuiu.KochetovAP.Sprint1.Task1.V11.Test\Tyuiu.KochetovAP.Sprint1.Task1.V11.Test.csproj", "{94AD4D4A-E8C3-4951-88BE-0FC299D5A770}"
EndProject
Project("{2150E333-8FDC-42A3-9474-1A3956D46DE8}") = "Task2", "Task2", "{D734CF9F-AE63-4D69-ABCB-5DEC0B4B1BD7}"
EndProject
Project("{FAE04EC0-301F-11D3-BF4B-00C04F79EFBC}") = "Tyuiu.KochetovAP.Sprint1.Task2.V8", "Tyuiu.KochetovAP.Sprint1.Task2.V8\Tyuiu.KochetovAP.Sprint1.Task2.V8.csproj", "{C9DD5C10-D624-467E-9F93-A53583B4B3E3}"
EndProject
Project("{FAE04EC0-301F-11D3-BF4B-00C04F79EFBC}") = "Tyuiu.KochetovAP.Sprint1.Task2.V8.Lib", "Tyuiu.KochetovAP.Sprint1.Task2.V8.Lib\Tyuiu.KochetovAP.Sprint1.Task2.V8.Lib.csproj", "{1E9CF3F2-B550-4C70-A778-D271B49DFB51}"
EndProject
Project("{FAE04EC0-301F-11D3-BF4B-00C04F79EFBC}") = "Tyuiu.KochetovAP.Sprint1.Task2.V8.Test", "Tyuiu.KochetovAP.Sprint1.Task2.V8.Test\Tyuiu.KochetovAP.Sprint1.Task2.V8.Test.csproj", "{2676E169-C425-40CF-962A-7BF151C9A47D}"
EndProject
Global
	GlobalSection(SolutionConfigurationPlatforms) = preSolution
		Debug|Any CPU = Debug|Any CPU
		Release|Any CPU = Release|Any CPU
	EndGlobalSection
	GlobalSection(ProjectConfigurationPlatforms) = postSolution
		{E0EAC0F5-B7A6-4263-B782-1890591C5BE1}.Debug|Any CPU.ActiveCfg = Debug|Any CPU
		{E0EAC0F5-B7A6-4263-B782-1890591C5BE1}.Debug|Any CPU.Build.0 = Debug|Any CPU
		{E0EAC0F5-B7A6-4263-B782-1890591C5BE1}.Release|Any CPU.ActiveCfg = Release|Any CPU
		{E0EAC0F5-B7A6-4263-B782-1890591C5BE1}.Release|Any CPU.Build.0 = Release|Any CPU
		{A0466352-5227-4F6C-9FCA-66277F7AB776}.Debug|Any CPU.ActiveCfg = Debug|Any CPU
		{A0466352-5227-4F6C-9FCA-66277F7AB776}.Debug|Any CPU.Build.0 = Debug|Any CPU
		{A0466352-5227-4F6C-9FCA-66277F7AB776}.Release|Any CPU.ActiveCfg = Release|Any CPU
		{A0466352-5227-4F6C-9FCA-66277F7AB776}.Release|Any CPU.Build.0 = Release|Any CPU
		{11095158-946F-4480-AEAD-2C703D535437}.Debug|Any CPU.ActiveCfg = Debug|Any CPU
		{11095158-946F-4480-AEAD-2C703D535437}.Debug|Any CPU.Build.0 = Debug|Any CPU
		{11095158-946F-4480-AEAD-2C703D535437}.Release|Any CPU.ActiveCfg = Release|Any CPU
		{11095158-946F-4480-AEAD-2C703D535437}.Release|Any CPU.Build.0 = Release|Any CPU
		{8DD32671-14EF-4DFB-A88E-78BA4474E5C0}.Debug|Any CPU.ActiveCfg = Debug|Any CPU
		{8DD32671-14EF-4DFB-A88E-78BA4474E5C0}.Debug|Any CPU.Build.0 = Debug|Any CPU
		{8DD32671-14EF-4DFB-A88E-78BA4474E5C0}.Release|Any CPU.ActiveCfg = Release|Any CPU
		{8DD32671-14EF-4DFB-A88E-78BA4474E5C0}.Release|Any CPU.Build.0 = Release|Any CPU
		{952CA29A-0405-4300-A21D-DD2CF2500D8C}.Debug|Any CPU.ActiveCfg = Debug|Any CPU
		{952CA29A-0405-4300-A21D-DD2CF2500D8C}.Debug|Any CPU.Build.0 = Debug|Any CPU
		{952CA29A-0405-4300-A21D-DD2CF2500D8C}.Release|Any CPU.ActiveCfg = Release|Any CPU
		{952CA29A-0405-4300-A21D-DD2CF2500D8C}.Release|Any CPU.Build.0 = Release|Any CPU
		{94AD4D4A-E8C3-4951-88BE-0FC299D5A770}.Debug|Any CPU.ActiveCfg = Debug|Any CPU
		{94AD4D4A-E8C3-4951-88BE-0FC299D5A770}.Debug|Any CPU.Build.0 = Debug|Any CPU
		{94AD4D4A-E8C3-4951-88BE-0FC299D5A770}.Release|Any CPU.ActiveCfg = Release|Any CPU
		{94AD4D4A-E8C3-4951-88BE-0FC299D5A770}.Release|Any CPU.Build.0 = Release|Any CPU
		{C9DD5C10-D624-467E-9F93-A53583B4B3E3}.Debug|Any CPU.ActiveCfg = Debug|Any CPU
		{C9DD5C10-D624-467E-9F93-A53583B4B3E3}.Debug|Any CPU.Build.0 = Debug|Any CPU
		{C9DD5C10-D624-467E-9F93-A53583B4B3E3}.Release|Any CPU.ActiveCfg = Release|Any CPU
		{C9DD5C10-D624-467E-9F93-A53583B4B3E3}.Release|Any CPU.Build.0 = Release|Any CPU
		{1E9CF3F2-B550-4C70-A778-D271B49DFB51}.Debug|Any CPU.ActiveCfg = Debug|Any CPU
		{1E9CF3F2-B550-4C70-A778-D271B49DFB51}.Debug|Any CPU.Build.0 = Debug|Any CPU
		{1E9CF3F2-B550-4C70-A778-D271B49DFB51}.Release|Any CPU.ActiveCfg = Release|Any CPU
		{1E9CF3F2-B550-4C70-A778-D271B49DFB51}.Release|Any CPU.Build.0 = Release|Any CPU
		{2676E169-C425-40CF-962A-7BF151C9A47D}.Debug|Any CPU.ActiveCfg = Debug|Any CPU
		{2676E169-C425-40CF-962A-7BF151C9A47D}.Debug|Any CPU.Build.0 = Debug|Any CPU
		{2676E169-C425-40CF-962A-7BF151C9A47D}.Release|Any CPU.ActiveCfg = Release|Any CPU
		{2676E169-C425-40CF-962A-7BF151C9A47D}.Release|Any CPU.Build.0 = Release|Any CPU
	EndGlobalSection
	GlobalSection(SolutionProperties) = preSolution
		HideSolutionNode = FALSE
	EndGlobalSection
	GlobalSection(NestedProjects) = preSolution
		{8DD32671-14EF-4DFB-A88E-78BA4474E5C0} = {02EA681E-C7D8-13C7-8484-4AC65E1B71E8}
		{952CA29A-0405-4300-A21D-DD2CF2500D8C} = {02EA681E-C7D8-13C7-8484-4AC65E1B71E8}
		{94AD4D4A-E8C3-4951-88BE-0FC299D5A770} = {02EA681E-C7D8-13C7-8484-4AC65E1B71E8}
		{C9DD5C10-D624-467E-9F93-A53583B4B3E3} = {D734CF9F-AE63-4D69-ABCB-5DEC0B4B1BD7}
		{1E9CF3F2-B550-4C70-A778-D271B49DFB51} = {D734CF9F-AE63-4D69-ABCB-5DEC0B4B1BD7}
		{2676E169-C425-40CF-962A-7BF151C9A47D} = {D734CF9F-AE63-4D69-ABCB-5DEC0B4B1BD7}
	EndGlobalSection
	GlobalSection(ExtensibilityGlobals) = postSolution
		SolutionGuid = {EC5DCA2D-8D69-4648-AFB0-505002B15332}
	EndGlobalSection
EndGlobal
