
Microsoft Visual Studio Solution File, Format Version 12.00
# Visual Studio Version 17
VisualStudioVersion = 17.14.36518.9
MinimumVisualStudioVersion = 10.0.40219.1
Project("{2150E333-8FDC-42A3-9474-1A3956D46DE8}") = "Task3", "Task3", "{02EA681E-C7D8-13C7-8484-4AC65E1B71E8}"
EndProject
Project("{FAE04EC0-301F-11D3-BF4B-00C04F79EFBC}") = "Tyuiu.KochetovAP.Sprint1.Task3.V11", "Tyuiu.KochetovAP.Sprint1.Task3.V11\Tyuiu.KochetovAP.Sprint1.Task3.V11.csproj", "{C050C864-7531-4936-8172-686937ADC796}"
EndProject
Project("{FAE04EC0-301F-11D3-BF4B-00C04F79EFBC}") = "Tyuiu.KochetovAP.Sprint1.Task3.V11.Lib", "Tyuiu.KochetovAP.Sprint1.Task3.V11.Lib\Tyuiu.KochetovAP.Sprint1.Task3.V11.Lib.csproj", "{0D004846-39F3-4F03-B601-13A6F56F797D}"
EndProject
Project("{FAE04EC0-301F-11D3-BF4B-00C04F79EFBC}") = "Tyuiu.KochetovAP.Sprint1.Task3.V11.Test", "Tyuiu.KochetovAP.Sprint1.Task3.V11.Test\Tyuiu.KochetovAP.Sprint1.Task3.V11.Test.csproj", "{DE391184-DC52-4080-BE14-8651A72AED5F}"
EndProject
Project("{2150E333-8FDC-42A3-9474-1A3956D46DE8}") = "Task5", "Task5", "{1DB76874-C788-418C-94F7-AE82DFDF1F14}"
EndProject
Project("{FAE04EC0-301F-11D3-BF4B-00C04F79EFBC}") = "Tyuiu.KochetovAP.Sprint1.Task5.V7", "Tyuiu.KochetovAP.Sprint1.Task5.V7\Tyuiu.KochetovAP.Sprint1.Task5.V7.csproj", "{A8BDD583-0F44-4946-92C8-8B9735A0EB07}"
EndProject
Project("{FAE04EC0-301F-11D3-BF4B-00C04F79EFBC}") = "Tyuiu.KochetovAP.Sprint1.Task5.V7.Lib", "Tyuiu.KochetovAP.Sprint1.Task5.V7.Lib\Tyuiu.KochetovAP.Sprint1.Task5.V7.Lib.csproj", "{928EE14E-08B9-4B98-B221-DC4BCDB99401}"
EndProject
Project("{FAE04EC0-301F-11D3-BF4B-00C04F79EFBC}") = "Tyuiu.KochetovAP.Sprint1.Task5.V7.Test", "Tyuiu.KochetovAP.Sprint1.Task5.V7.Test\Tyuiu.KochetovAP.Sprint1.Task5.V7.Test.csproj", "{69554EB7-365C-49E4-AE22-85BD6C984BD2}"
EndProject
Project("{2150E333-8FDC-42A3-9474-1A3956D46DE8}") = "Task6", "Task6", "{937EC6BD-3A27-46E8-B682-B7CA55E6C501}"
EndProject
Project("{FAE04EC0-301F-11D3-BF4B-00C04F79EFBC}") = "Tyuiu.KochetovAP.Sprint1.Task6.V8", "Tyuiu.KochetovAP.Sprint1.Task6.V8\Tyuiu.KochetovAP.Sprint1.Task6.V8.csproj", "{EC9821B6-71BA-4F4F-816E-C745C1B384DD}"
EndProject
Project("{FAE04EC0-301F-11D3-BF4B-00C04F79EFBC}") = "Tyuiu.KochetovAP.Sprint1.Task6.V8.Lib", "Tyuiu.KochetovAP.Sprint1.Task6.V8.Lib\Tyuiu.KochetovAP.Sprint1.Task6.V8.Lib.csproj", "{E6AE6EC6-0B2C-47A7-BF18-34B8578EB78A}"
EndProject
Project("{FAE04EC0-301F-11D3-BF4B-00C04F79EFBC}") = "Tyuiu.KochetovAP.Sprint1.Task6.V8.Test", "Tyuiu.KochetovAP.Sprint1.Task6.V8.Test\Tyuiu.KochetovAP.Sprint1.Task6.V8.Test.csproj", "{7CB4B936-E3F0-4A49-9737-854C76B3B009}"
EndProject
Global
	GlobalSection(SolutionConfigurationPlatforms) = preSolution
		Debug|Any CPU = Debug|Any CPU
		Release|Any CPU = Release|Any CPU
	EndGlobalSection
	GlobalSection(ProjectConfigurationPlatforms) = postSolution
		{C050C864-7531-4936-8172-686937ADC796}.Debug|Any CPU.ActiveCfg = Debug|Any CPU
		{C050C864-7531-4936-8172-686937ADC796}.Debug|Any CPU.Build.0 = Debug|Any CPU
		{C050C864-7531-4936-8172-686937ADC796}.Release|Any CPU.ActiveCfg = Release|Any CPU
		{C050C864-7531-4936-8172-686937ADC796}.Release|Any CPU.Build.0 = Release|Any CPU
		{0D004846-39F3-4F03-B601-13A6F56F797D}.Debug|Any CPU.ActiveCfg = Debug|Any CPU
		{0D004846-39F3-4F03-B601-13A6F56F797D}.Debug|Any CPU.Build.0 = Debug|Any CPU
		{0D004846-39F3-4F03-B601-13A6F56F797D}.Release|Any CPU.ActiveCfg = Release|Any CPU
		{0D004846-39F3-4F03-B601-13A6F56F797D}.Release|Any CPU.Build.0 = Release|Any CPU
		{DE391184-DC52-4080-BE14-8651A72AED5F}.Debug|Any CPU.ActiveCfg = Debug|Any CPU
		{DE391184-DC52-4080-BE14-8651A72AED5F}.Debug|Any CPU.Build.0 = Debug|Any CPU
		{DE391184-DC52-4080-BE14-8651A72AED5F}.Release|Any CPU.ActiveCfg = Release|Any CPU
		{DE391184-DC52-4080-BE14-8651A72AED5F}.Release|Any CPU.Build.0 = Release|Any CPU
		{A8BDD583-0F44-4946-92C8-8B9735A0EB07}.Debug|Any CPU.ActiveCfg = Debug|Any CPU
		{A8BDD583-0F44-4946-92C8-8B9735A0EB07}.Debug|Any CPU.Build.0 = Debug|Any CPU
		{A8BDD583-0F44-4946-92C8-8B9735A0EB07}.Release|Any CPU.ActiveCfg = Release|Any CPU
		{A8BDD583-0F44-4946-92C8-8B9735A0EB07}.Release|Any CPU.Build.0 = Release|Any CPU
		{928EE14E-08B9-4B98-B221-DC4BCDB99401}.Debug|Any CPU.ActiveCfg = Debug|Any CPU
		{928EE14E-08B9-4B98-B221-DC4BCDB99401}.Debug|Any CPU.Build.0 = Debug|Any CPU
		{928EE14E-08B9-4B98-B221-DC4BCDB99401}.Release|Any CPU.ActiveCfg = Release|Any CPU
		{928EE14E-08B9-4B98-B221-DC4BCDB99401}.Release|Any CPU.Build.0 = Release|Any CPU
		{69554EB7-365C-49E4-AE22-85BD6C984BD2}.Debug|Any CPU.ActiveCfg = Debug|Any CPU
		{69554EB7-365C-49E4-AE22-85BD6C984BD2}.Debug|Any CPU.Build.0 = Debug|Any CPU
		{69554EB7-365C-49E4-AE22-85BD6C984BD2}.Release|Any CPU.ActiveCfg = Release|Any CPU
		{69554EB7-365C-49E4-AE22-85BD6C984BD2}.Release|Any CPU.Build.0 = Release|Any CPU
		{EC9821B6-71BA-4F4F-816E-C745C1B384DD}.Debug|Any CPU.ActiveCfg = Debug|Any CPU
		{EC9821B6-71BA-4F4F-816E-C745C1B384DD}.Debug|Any CPU.Build.0 = Debug|Any CPU
		{EC9821B6-71BA-4F4F-816E-C745C1B384DD}.Release|Any CPU.ActiveCfg = Release|Any CPU
		{EC9821B6-71BA-4F4F-816E-C745C1B384DD}.Release|Any CPU.Build.0 = Release|Any CPU
		{E6AE6EC6-0B2C-47A7-BF18-34B8578EB78A}.Debug|Any CPU.ActiveCfg = Debug|Any CPU
		{E6AE6EC6-0B2C-47A7-BF18-34B8578EB78A}.Debug|Any CPU.Build.0 = Debug|Any CPU
		{E6AE6EC6-0B2C-47A7-BF18-34B8578EB78A}.Release|Any CPU.ActiveCfg = Release|Any CPU
		{E6AE6EC6-0B2C-47A7-BF18-34B8578EB78A}.Release|Any CPU.Build.0 = Release|Any CPU
		{7CB4B936-E3F0-4A49-9737-854C76B3B009}.Debug|Any CPU.ActiveCfg = Debug|Any CPU
		{7CB4B936-E3F0-4A49-9737-854C76B3B009}.Debug|Any CPU.Build.0 = Debug|Any CPU
		{7CB4B936-E3F0-4A49-9737-854C76B3B009}.Release|Any CPU.ActiveCfg = Release|Any CPU
		{7CB4B936-E3F0-4A49-9737-854C76B3B009}.Release|Any CPU.Build.0 = Release|Any CPU
	EndGlobalSection
	GlobalSection(SolutionProperties) = preSolution
		HideSolutionNode = FALSE
	EndGlobalSection
	GlobalSection(NestedProjects) = preSolution
		{C050C864-7531-4936-8172-686937ADC796} = {02EA681E-C7D8-13C7-8484-4AC65E1B71E8}
		{0D004846-39F3-4F03-B601-13A6F56F797D} = {02EA681E-C7D8-13C7-8484-4AC65E1B71E8}
		{DE391184-DC52-4080-BE14-8651A72AED5F} = {02EA681E-C7D8-13C7-8484-4AC65E1B71E8}
		{A8BDD583-0F44-4946-92C8-8B9735A0EB07} = {1DB76874-C788-418C-94F7-AE82DFDF1F14}
		{928EE14E-08B9-4B98-B221-DC4BCDB99401} = {1DB76874-C788-418C-94F7-AE82DFDF1F14}
		{69554EB7-365C-49E4-AE22-85BD6C984BD2} = {1DB76874-C788-418C-94F7-AE82DFDF1F14}
		{EC9821B6-71BA-4F4F-816E-C745C1B384DD} = {937EC6BD-3A27-46E8-B682-B7CA55E6C501}
		{E6AE6EC6-0B2C-47A7-BF18-34B8578EB78A} = {937EC6BD-3A27-46E8-B682-B7CA55E6C501}
		{7CB4B936-E3F0-4A49-9737-854C76B3B009} = {937EC6BD-3A27-46E8-B682-B7CA55E6C501}
	EndGlobalSection
	GlobalSection(ExtensibilityGlobals) = postSolution
		SolutionGuid = {266362C0-A63B-4002-A284-3C378F7BD898}
	EndGlobalSection
EndGlobal
